
Microsoft Visual Studio Solution File, Format Version 12.00
# Visual Studio 14
VisualStudioVersion = 14.0.25123.0
MinimumVisualStudioVersion = 10.0.40219.1
Project("{FAE04EC0-301F-11D3-BF4B-00C04F79EFBC}") = "Framework.DataAccess", "Framework.DataAccess\Framework.DataAccess.csproj", "{6560F2BB-95C6-496B-931E-AF12C3813F3F}"
EndProject
Project("{FAE04EC0-301F-11D3-BF4B-00C04F79EFBC}") = "Framework.Mapper", "Framework.Mapper\Framework.Mapper.csproj", "{52C91A4B-8905-4365-90EB-60FC40029BB8}"
EndProject
Project("{FAE04EC0-301F-11D3-BF4B-00C04F79EFBC}") = "Framework.IoC.DependencyInjection", "Framework.IoC.DependencyInjection\Framework.IoC.DependencyInjection.csproj", "{491BDE61-D91D-4DF9-A107-F7416996E2A8}"
EndProject
Project("{2150E333-8FDC-42A3-9474-1A3956D46DE8}") = "Kernel", "Kernel", "{155F38E9-C7E7-4C99-94AF-E959C366D314}"
EndProject
Project("{2150E333-8FDC-42A3-9474-1A3956D46DE8}") = "Application", "Application", "{73929ED3-931C-472A-A0E6-5FD7B4C65283}"
EndProject
Project("{2150E333-8FDC-42A3-9474-1A3956D46DE8}") = "Test", "Test", "{7FC210AF-BD3E-41CA-B12E-5F11C4676280}"
EndProject
Project("{FAE04EC0-301F-11D3-BF4B-00C04F79EFBC}") = "Convertor", "Convertor\Convertor.csproj", "{BB9E5039-E863-4598-85FE-5511EC1A7088}"
EndProject
Project("{FAE04EC0-301F-11D3-BF4B-00C04F79EFBC}") = "Framework.IoC.ServiceLocator", "Framework.IoC.ServiceLocator\Framework.IoC.ServiceLocator.csproj", "{6503B05D-C4CF-4F01-A4EC-BF6E2162DCCF}"
EndProject
Project("{FAE04EC0-301F-11D3-BF4B-00C04F79EFBC}") = "Runner", "Runner\Runner.csproj", "{E6A13891-D0BE-47BB-B2E0-629B96724BF5}"
EndProject
Project("{2150E333-8FDC-42A3-9474-1A3956D46DE8}") = "SendEmail", "SendEmail", "{F5A9BE06-FF39-4136-9E17-97CEB8C51275}"
EndProject
Project("{FAE04EC0-301F-11D3-BF4B-00C04F79EFBC}") = "SendEmailService", "SendEmailService\SendEmailService.csproj", "{59FAAD83-8387-4157-8600-83386A972421}"
EndProject
Project("{FAE04EC0-301F-11D3-BF4B-00C04F79EFBC}") = "TestEmailConsole", "TestEmailConsole\TestEmailConsole.csproj", "{FE29BE75-83C8-48F3-8BE9-168D57D50BF1}"
	ProjectSection(ProjectDependencies) = postProject
		{59FAAD83-8387-4157-8600-83386A972421} = {59FAAD83-8387-4157-8600-83386A972421}
	EndProjectSection
EndProject
Project("{2150E333-8FDC-42A3-9474-1A3956D46DE8}") = "StudentSystem", "StudentSystem", "{6DF45720-EFD3-4D32-BA13-591D170F4044}"
EndProject
Project("{2150E333-8FDC-42A3-9474-1A3956D46DE8}") = "PresentationLayer", "PresentationLayer", "{98870164-929B-4E7B-A2DA-756BE53177C7}"
EndProject
Project("{2150E333-8FDC-42A3-9474-1A3956D46DE8}") = "DataAccessLayer", "DataAccessLayer", "{C6A18595-1E6B-48F6-8A1B-0BE25AC22E5E}"
EndProject
Project("{2150E333-8FDC-42A3-9474-1A3956D46DE8}") = "DomainLayer", "DomainLayer", "{7C43D0D9-EDCD-479E-9655-53EDAE09BC88}"
EndProject
Project("{FAE04EC0-301F-11D3-BF4B-00C04F79EFBC}") = "StudentSystem.Data", "StudentSystem.Data\StudentSystem.Data.csproj", "{E963EF33-0732-46C6-AF50-965BEE6F7497}"
EndProject
Project("{FAE04EC0-301F-11D3-BF4B-00C04F79EFBC}") = "StudentSystem.Data.Model", "StudentSystem.Data.Model\StudentSystem.Data.Model.csproj", "{A75D4E7D-B0B2-46D7-BE20-44AF76EFD1E3}"
EndProject
Project("{FAE04EC0-301F-11D3-BF4B-00C04F79EFBC}") = "StudentSystem.Data.Access", "StudentSystem.Data.Access\StudentSystem.Data.Access.csproj", "{2835148E-B1E5-4C9B-A371-FAADFDAB24B9}"
EndProject
Project("{FAE04EC0-301F-11D3-BF4B-00C04F79EFBC}") = "StudentSystem.ConsoleClient", "StudentSystem.ConsoleClient\StudentSystem.ConsoleClient.csproj", "{ABFCBBC1-3A6E-48E2-A820-DA31BFD95339}"
EndProject
Project("{FAE04EC0-301F-11D3-BF4B-00C04F79EFBC}") = "StudentSystem.MVCWebClient", "StudentSystem.MVCWebClient\StudentSystem.MVCWebClient.csproj", "{F001B9B1-6E79-47BC-AABA-114DA9CD77A6}"
EndProject
Project("{FAE04EC0-301F-11D3-BF4B-00C04F79EFBC}") = "Аdaptation", "Аdaptation\Аdaptation.csproj", "{7A48EA68-C78E-49D8-BF46-2F5A3415018A}"
EndProject
Project("{FAE04EC0-301F-11D3-BF4B-00C04F79EFBC}") = "StudentSystem.Client.Model", "StudentSystem.Client.Model\StudentSystem.Client.Model.csproj", "{B167C39D-53D5-4FDA-9557-C59918F89C87}"
EndProject
Project("{FAE04EC0-301F-11D3-BF4B-00C04F79EFBC}") = "StudentSystem.BLL", "StudentSystem.BLL\StudentSystem.BLL.csproj", "{4CC21A80-03BE-4B2F-AA95-504D3FADB4E4}"
EndProject
Project("{FAE04EC0-301F-11D3-BF4B-00C04F79EFBC}") = "StudentSystem.BLL.Model", "StudentSystem.BLL.Model\StudentSystem.BLL.Model.csproj", "{82128378-1A61-40B8-BDE2-C73697617FC6}"
EndProject
Project("{FAE04EC0-301F-11D3-BF4B-00C04F79EFBC}") = "UIAdapter", "UIAdapter\UIAdapter.csproj", "{D2BECB4C-01A2-4CB7-AEDC-C43267AFA655}"
EndProject
Project("{FAE04EC0-301F-11D3-BF4B-00C04F79EFBC}") = "StudentSystem.BLL.Interface", "StudentSystem.BLL.Interface\StudentSystem.BLL.Interface.csproj", "{4B08BD25-2B1A-400F-8DDE-D93D00931552}"
EndProject
Project("{2150E333-8FDC-42A3-9474-1A3956D46DE8}") = "DataAccessLeyer", "DataAccessLeyer", "{51523085-CA81-4069-B63A-CCD442E7CDC6}"
EndProject
Project("{2150E333-8FDC-42A3-9474-1A3956D46DE8}") = "DomainLayer", "DomainLayer", "{6E5DC371-FA8E-4805-BF0F-CA01DF31D6A0}"
EndProject
Project("{2150E333-8FDC-42A3-9474-1A3956D46DE8}") = "PresentationLayer", "PresentationLayer", "{B745FE04-1793-4583-96D6-464AF8871600}"
EndProject
Project("{FAE04EC0-301F-11D3-BF4B-00C04F79EFBC}") = "SendEmail.Data", "SendEmail.Data\SendEmail.Data.csproj", "{3FFABDA5-2C45-4E49-A526-3FC16264FB4E}"
EndProject
Project("{FAE04EC0-301F-11D3-BF4B-00C04F79EFBC}") = "SendEmail.Data.Model", "SendEmail.Data.Model\SendEmail.Data.Model.csproj", "{EF5AF59C-B874-4052-A129-8E69CA0A94AB}"
EndProject
Project("{FAE04EC0-301F-11D3-BF4B-00C04F79EFBC}") = "SentEmail.ConsoleClient", "SentEmail.ConsoleClient\SentEmail.ConsoleClient.csproj", "{BA152E45-636F-4AA5-8C62-AC98EE79E232}"
	ProjectSection(ProjectDependencies) = postProject
		{59FAAD83-8387-4157-8600-83386A972421} = {59FAAD83-8387-4157-8600-83386A972421}
	EndProjectSection
EndProject
Project("{FAE04EC0-301F-11D3-BF4B-00C04F79EFBC}") = "SendEmail.BLL", "SendEmail.BLL\SendEmail.BLL.csproj", "{DB88C720-3B7C-499D-A5D8-49BD4F3293DE}"
	ProjectSection(ProjectDependencies) = postProject
		{59FAAD83-8387-4157-8600-83386A972421} = {59FAAD83-8387-4157-8600-83386A972421}
	EndProjectSection
EndProject
Project("{FAE04EC0-301F-11D3-BF4B-00C04F79EFBC}") = "SendEmail.BLL.Interface", "SendEmail.BLL.Interface\SendEmail.BLL.Interface.csproj", "{115CD19E-F8BC-4966-B84C-20B2D0530175}"
EndProject
Project("{FAE04EC0-301F-11D3-BF4B-00C04F79EFBC}") = "SendEmail.Data.Interface", "SendEmail.Data.Interface\SendEmail.Data.Interface.csproj", "{208A215D-30CF-4104-B385-E80592292273}"
EndProject
Project("{FAE04EC0-301F-11D3-BF4B-00C04F79EFBC}") = "Adapter", "Adapter\Adapter.csproj", "{B0B89056-C859-49AF-898E-E1515754C2B4}"
EndProject
Project("{2150E333-8FDC-42A3-9474-1A3956D46DE8}") = "Calc", "Calc", "{43ED2D0F-F272-4A7B-95C6-902205781DD6}"
EndProject
Project("{2150E333-8FDC-42A3-9474-1A3956D46DE8}") = "DataSccessLeyer", "DataSccessLeyer", "{276E5039-F4C8-450A-9835-3352664E6F68}"
EndProject
Project("{2150E333-8FDC-42A3-9474-1A3956D46DE8}") = "DomainLayer", "DomainLayer", "{F1C58615-7C10-4D15-9E7F-99AE9712F6AD}"
EndProject
Project("{2150E333-8FDC-42A3-9474-1A3956D46DE8}") = "PresentationLayer", "PresentationLayer", "{3A3DF58F-DE3E-4753-8302-6C15AAC9A7E5}"
EndProject
Project("{FAE04EC0-301F-11D3-BF4B-00C04F79EFBC}") = "DisCountRepository", "DisCountRepository\DisCountRepository.csproj", "{B6F449B9-B459-4669-8CB6-92E1F88C955C}"
EndProject
Project("{FAE04EC0-301F-11D3-BF4B-00C04F79EFBC}") = "CalcAdapter", "CalcAdapter\CalcAdapter.csproj", "{914C3FE4-E4C7-45D3-B72D-009ACB5F164E}"
EndProject
Project("{FAE04EC0-301F-11D3-BF4B-00C04F79EFBC}") = "Colc.BLL.Interface", "Colc.BLL.Interface\Colc.BLL.Interface.csproj", "{324839FF-30EB-48D5-9DCF-2690A77DF277}"
EndProject
Project("{FAE04EC0-301F-11D3-BF4B-00C04F79EFBC}") = "MVVMOnTheMove", "MVVMOnTheMove\MVVMOnTheMove.csproj", "{53AA069E-CA34-4174-80B4-4681A0C3DA87}"
EndProject
Project("{FAE04EC0-301F-11D3-BF4B-00C04F79EFBC}") = "PropertyName", "PropertyName\PropertyName.csproj", "{709E5D05-F753-4E0F-AE03-5C5BE15B2CE5}"
EndProject
Global
	GlobalSection(SolutionConfigurationPlatforms) = preSolution
		Debug|Any CPU = Debug|Any CPU
		Debug|Mixed Platforms = Debug|Mixed Platforms
		Debug|x86 = Debug|x86
		Release|Any CPU = Release|Any CPU
		Release|Mixed Platforms = Release|Mixed Platforms
		Release|x86 = Release|x86
	EndGlobalSection
	GlobalSection(ProjectConfigurationPlatforms) = postSolution
		{6560F2BB-95C6-496B-931E-AF12C3813F3F}.Debug|Any CPU.ActiveCfg = Debug|Any CPU
		{6560F2BB-95C6-496B-931E-AF12C3813F3F}.Debug|Any CPU.Build.0 = Debug|Any CPU
		{6560F2BB-95C6-496B-931E-AF12C3813F3F}.Debug|Mixed Platforms.ActiveCfg = Debug|Any CPU
		{6560F2BB-95C6-496B-931E-AF12C3813F3F}.Debug|Mixed Platforms.Build.0 = Debug|Any CPU
		{6560F2BB-95C6-496B-931E-AF12C3813F3F}.Debug|x86.ActiveCfg = Debug|Any CPU
		{6560F2BB-95C6-496B-931E-AF12C3813F3F}.Release|Any CPU.ActiveCfg = Release|Any CPU
		{6560F2BB-95C6-496B-931E-AF12C3813F3F}.Release|Any CPU.Build.0 = Release|Any CPU
		{6560F2BB-95C6-496B-931E-AF12C3813F3F}.Release|Mixed Platforms.ActiveCfg = Release|Any CPU
		{6560F2BB-95C6-496B-931E-AF12C3813F3F}.Release|Mixed Platforms.Build.0 = Release|Any CPU
		{6560F2BB-95C6-496B-931E-AF12C3813F3F}.Release|x86.ActiveCfg = Release|Any CPU
		{52C91A4B-8905-4365-90EB-60FC40029BB8}.Debug|Any CPU.ActiveCfg = Debug|Any CPU
		{52C91A4B-8905-4365-90EB-60FC40029BB8}.Debug|Any CPU.Build.0 = Debug|Any CPU
		{52C91A4B-8905-4365-90EB-60FC40029BB8}.Debug|Mixed Platforms.ActiveCfg = Debug|Any CPU
		{52C91A4B-8905-4365-90EB-60FC40029BB8}.Debug|Mixed Platforms.Build.0 = Debug|Any CPU
		{52C91A4B-8905-4365-90EB-60FC40029BB8}.Debug|x86.ActiveCfg = Debug|Any CPU
		{52C91A4B-8905-4365-90EB-60FC40029BB8}.Release|Any CPU.ActiveCfg = Release|Any CPU
		{52C91A4B-8905-4365-90EB-60FC40029BB8}.Release|Any CPU.Build.0 = Release|Any CPU
		{52C91A4B-8905-4365-90EB-60FC40029BB8}.Release|Mixed Platforms.ActiveCfg = Release|Any CPU
		{52C91A4B-8905-4365-90EB-60FC40029BB8}.Release|Mixed Platforms.Build.0 = Release|Any CPU
		{52C91A4B-8905-4365-90EB-60FC40029BB8}.Release|x86.ActiveCfg = Release|Any CPU
		{491BDE61-D91D-4DF9-A107-F7416996E2A8}.Debug|Any CPU.ActiveCfg = Debug|Any CPU
		{491BDE61-D91D-4DF9-A107-F7416996E2A8}.Debug|Any CPU.Build.0 = Debug|Any CPU
		{491BDE61-D91D-4DF9-A107-F7416996E2A8}.Debug|Mixed Platforms.ActiveCfg = Debug|Any CPU
		{491BDE61-D91D-4DF9-A107-F7416996E2A8}.Debug|Mixed Platforms.Build.0 = Debug|Any CPU
		{491BDE61-D91D-4DF9-A107-F7416996E2A8}.Debug|x86.ActiveCfg = Debug|Any CPU
		{491BDE61-D91D-4DF9-A107-F7416996E2A8}.Release|Any CPU.ActiveCfg = Release|Any CPU
		{491BDE61-D91D-4DF9-A107-F7416996E2A8}.Release|Any CPU.Build.0 = Release|Any CPU
		{491BDE61-D91D-4DF9-A107-F7416996E2A8}.Release|Mixed Platforms.ActiveCfg = Release|Any CPU
		{491BDE61-D91D-4DF9-A107-F7416996E2A8}.Release|Mixed Platforms.Build.0 = Release|Any CPU
		{491BDE61-D91D-4DF9-A107-F7416996E2A8}.Release|x86.ActiveCfg = Release|Any CPU
		{BB9E5039-E863-4598-85FE-5511EC1A7088}.Debug|Any CPU.ActiveCfg = Debug|Any CPU
		{BB9E5039-E863-4598-85FE-5511EC1A7088}.Debug|Any CPU.Build.0 = Debug|Any CPU
		{BB9E5039-E863-4598-85FE-5511EC1A7088}.Debug|Mixed Platforms.ActiveCfg = Debug|Any CPU
		{BB9E5039-E863-4598-85FE-5511EC1A7088}.Debug|Mixed Platforms.Build.0 = Debug|Any CPU
		{BB9E5039-E863-4598-85FE-5511EC1A7088}.Debug|x86.ActiveCfg = Debug|Any CPU
		{BB9E5039-E863-4598-85FE-5511EC1A7088}.Release|Any CPU.ActiveCfg = Release|Any CPU
		{BB9E5039-E863-4598-85FE-5511EC1A7088}.Release|Any CPU.Build.0 = Release|Any CPU
		{BB9E5039-E863-4598-85FE-5511EC1A7088}.Release|Mixed Platforms.ActiveCfg = Release|Any CPU
		{BB9E5039-E863-4598-85FE-5511EC1A7088}.Release|Mixed Platforms.Build.0 = Release|Any CPU
		{BB9E5039-E863-4598-85FE-5511EC1A7088}.Release|x86.ActiveCfg = Release|Any CPU
		{6503B05D-C4CF-4F01-A4EC-BF6E2162DCCF}.Debug|Any CPU.ActiveCfg = Debug|Any CPU
		{6503B05D-C4CF-4F01-A4EC-BF6E2162DCCF}.Debug|Any CPU.Build.0 = Debug|Any CPU
		{6503B05D-C4CF-4F01-A4EC-BF6E2162DCCF}.Debug|Mixed Platforms.ActiveCfg = Debug|Any CPU
		{6503B05D-C4CF-4F01-A4EC-BF6E2162DCCF}.Debug|Mixed Platforms.Build.0 = Debug|Any CPU
		{6503B05D-C4CF-4F01-A4EC-BF6E2162DCCF}.Debug|x86.ActiveCfg = Debug|Any CPU
		{6503B05D-C4CF-4F01-A4EC-BF6E2162DCCF}.Release|Any CPU.ActiveCfg = Release|Any CPU
		{6503B05D-C4CF-4F01-A4EC-BF6E2162DCCF}.Release|Any CPU.Build.0 = Release|Any CPU
		{6503B05D-C4CF-4F01-A4EC-BF6E2162DCCF}.Release|Mixed Platforms.ActiveCfg = Release|Any CPU
		{6503B05D-C4CF-4F01-A4EC-BF6E2162DCCF}.Release|Mixed Platforms.Build.0 = Release|Any CPU
		{6503B05D-C4CF-4F01-A4EC-BF6E2162DCCF}.Release|x86.ActiveCfg = Release|Any CPU
		{E6A13891-D0BE-47BB-B2E0-629B96724BF5}.Debug|Any CPU.ActiveCfg = Debug|Any CPU
		{E6A13891-D0BE-47BB-B2E0-629B96724BF5}.Debug|Any CPU.Build.0 = Debug|Any CPU
		{E6A13891-D0BE-47BB-B2E0-629B96724BF5}.Debug|Mixed Platforms.ActiveCfg = Debug|Any CPU
		{E6A13891-D0BE-47BB-B2E0-629B96724BF5}.Debug|Mixed Platforms.Build.0 = Debug|Any CPU
		{E6A13891-D0BE-47BB-B2E0-629B96724BF5}.Debug|x86.ActiveCfg = Debug|Any CPU
		{E6A13891-D0BE-47BB-B2E0-629B96724BF5}.Release|Any CPU.ActiveCfg = Release|Any CPU
		{E6A13891-D0BE-47BB-B2E0-629B96724BF5}.Release|Any CPU.Build.0 = Release|Any CPU
		{E6A13891-D0BE-47BB-B2E0-629B96724BF5}.Release|Mixed Platforms.ActiveCfg = Release|Any CPU
		{E6A13891-D0BE-47BB-B2E0-629B96724BF5}.Release|Mixed Platforms.Build.0 = Release|Any CPU
		{E6A13891-D0BE-47BB-B2E0-629B96724BF5}.Release|x86.ActiveCfg = Release|Any CPU
		{59FAAD83-8387-4157-8600-83386A972421}.Debug|Any CPU.ActiveCfg = Debug|Any CPU
		{59FAAD83-8387-4157-8600-83386A972421}.Debug|Any CPU.Build.0 = Debug|Any CPU
		{59FAAD83-8387-4157-8600-83386A972421}.Debug|Mixed Platforms.ActiveCfg = Debug|Any CPU
		{59FAAD83-8387-4157-8600-83386A972421}.Debug|Mixed Platforms.Build.0 = Debug|Any CPU
		{59FAAD83-8387-4157-8600-83386A972421}.Debug|x86.ActiveCfg = Debug|Any CPU
		{59FAAD83-8387-4157-8600-83386A972421}.Release|Any CPU.ActiveCfg = Release|Any CPU
		{59FAAD83-8387-4157-8600-83386A972421}.Release|Any CPU.Build.0 = Release|Any CPU
		{59FAAD83-8387-4157-8600-83386A972421}.Release|Mixed Platforms.ActiveCfg = Release|Any CPU
		{59FAAD83-8387-4157-8600-83386A972421}.Release|Mixed Platforms.Build.0 = Release|Any CPU
		{59FAAD83-8387-4157-8600-83386A972421}.Release|x86.ActiveCfg = Release|Any CPU
		{FE29BE75-83C8-48F3-8BE9-168D57D50BF1}.Debug|Any CPU.ActiveCfg = Debug|Any CPU
		{FE29BE75-83C8-48F3-8BE9-168D57D50BF1}.Debug|Any CPU.Build.0 = Debug|Any CPU
		{FE29BE75-83C8-48F3-8BE9-168D57D50BF1}.Debug|Mixed Platforms.ActiveCfg = Debug|Any CPU
		{FE29BE75-83C8-48F3-8BE9-168D57D50BF1}.Debug|Mixed Platforms.Build.0 = Debug|Any CPU
		{FE29BE75-83C8-48F3-8BE9-168D57D50BF1}.Debug|x86.ActiveCfg = Debug|Any CPU
		{FE29BE75-83C8-48F3-8BE9-168D57D50BF1}.Release|Any CPU.ActiveCfg = Release|Any CPU
		{FE29BE75-83C8-48F3-8BE9-168D57D50BF1}.Release|Any CPU.Build.0 = Release|Any CPU
		{FE29BE75-83C8-48F3-8BE9-168D57D50BF1}.Release|Mixed Platforms.ActiveCfg = Release|Any CPU
		{FE29BE75-83C8-48F3-8BE9-168D57D50BF1}.Release|Mixed Platforms.Build.0 = Release|Any CPU
		{FE29BE75-83C8-48F3-8BE9-168D57D50BF1}.Release|x86.ActiveCfg = Release|Any CPU
		{E963EF33-0732-46C6-AF50-965BEE6F7497}.Debug|Any CPU.ActiveCfg = Debug|Any CPU
		{E963EF33-0732-46C6-AF50-965BEE6F7497}.Debug|Any CPU.Build.0 = Debug|Any CPU
		{E963EF33-0732-46C6-AF50-965BEE6F7497}.Debug|Mixed Platforms.ActiveCfg = Debug|Any CPU
		{E963EF33-0732-46C6-AF50-965BEE6F7497}.Debug|Mixed Platforms.Build.0 = Debug|Any CPU
		{E963EF33-0732-46C6-AF50-965BEE6F7497}.Debug|x86.ActiveCfg = Debug|Any CPU
		{E963EF33-0732-46C6-AF50-965BEE6F7497}.Release|Any CPU.ActiveCfg = Release|Any CPU
		{E963EF33-0732-46C6-AF50-965BEE6F7497}.Release|Any CPU.Build.0 = Release|Any CPU
		{E963EF33-0732-46C6-AF50-965BEE6F7497}.Release|Mixed Platforms.ActiveCfg = Release|Any CPU
		{E963EF33-0732-46C6-AF50-965BEE6F7497}.Release|Mixed Platforms.Build.0 = Release|Any CPU
		{E963EF33-0732-46C6-AF50-965BEE6F7497}.Release|x86.ActiveCfg = Release|Any CPU
		{A75D4E7D-B0B2-46D7-BE20-44AF76EFD1E3}.Debug|Any CPU.ActiveCfg = Debug|Any CPU
		{A75D4E7D-B0B2-46D7-BE20-44AF76EFD1E3}.Debug|Any CPU.Build.0 = Debug|Any CPU
		{A75D4E7D-B0B2-46D7-BE20-44AF76EFD1E3}.Debug|Mixed Platforms.ActiveCfg = Debug|Any CPU
		{A75D4E7D-B0B2-46D7-BE20-44AF76EFD1E3}.Debug|Mixed Platforms.Build.0 = Debug|Any CPU
		{A75D4E7D-B0B2-46D7-BE20-44AF76EFD1E3}.Debug|x86.ActiveCfg = Debug|Any CPU
		{A75D4E7D-B0B2-46D7-BE20-44AF76EFD1E3}.Release|Any CPU.ActiveCfg = Release|Any CPU
		{A75D4E7D-B0B2-46D7-BE20-44AF76EFD1E3}.Release|Any CPU.Build.0 = Release|Any CPU
		{A75D4E7D-B0B2-46D7-BE20-44AF76EFD1E3}.Release|Mixed Platforms.ActiveCfg = Release|Any CPU
		{A75D4E7D-B0B2-46D7-BE20-44AF76EFD1E3}.Release|Mixed Platforms.Build.0 = Release|Any CPU
		{A75D4E7D-B0B2-46D7-BE20-44AF76EFD1E3}.Release|x86.ActiveCfg = Release|Any CPU
		{2835148E-B1E5-4C9B-A371-FAADFDAB24B9}.Debug|Any CPU.ActiveCfg = Debug|Any CPU
		{2835148E-B1E5-4C9B-A371-FAADFDAB24B9}.Debug|Any CPU.Build.0 = Debug|Any CPU
		{2835148E-B1E5-4C9B-A371-FAADFDAB24B9}.Debug|Mixed Platforms.ActiveCfg = Debug|Any CPU
		{2835148E-B1E5-4C9B-A371-FAADFDAB24B9}.Debug|Mixed Platforms.Build.0 = Debug|Any CPU
		{2835148E-B1E5-4C9B-A371-FAADFDAB24B9}.Debug|x86.ActiveCfg = Debug|Any CPU
		{2835148E-B1E5-4C9B-A371-FAADFDAB24B9}.Release|Any CPU.ActiveCfg = Release|Any CPU
		{2835148E-B1E5-4C9B-A371-FAADFDAB24B9}.Release|Any CPU.Build.0 = Release|Any CPU
		{2835148E-B1E5-4C9B-A371-FAADFDAB24B9}.Release|Mixed Platforms.ActiveCfg = Release|Any CPU
		{2835148E-B1E5-4C9B-A371-FAADFDAB24B9}.Release|Mixed Platforms.Build.0 = Release|Any CPU
		{2835148E-B1E5-4C9B-A371-FAADFDAB24B9}.Release|x86.ActiveCfg = Release|Any CPU
		{ABFCBBC1-3A6E-48E2-A820-DA31BFD95339}.Debug|Any CPU.ActiveCfg = Debug|Any CPU
		{ABFCBBC1-3A6E-48E2-A820-DA31BFD95339}.Debug|Any CPU.Build.0 = Debug|Any CPU
		{ABFCBBC1-3A6E-48E2-A820-DA31BFD95339}.Debug|Mixed Platforms.ActiveCfg = Debug|Any CPU
		{ABFCBBC1-3A6E-48E2-A820-DA31BFD95339}.Debug|Mixed Platforms.Build.0 = Debug|Any CPU
		{ABFCBBC1-3A6E-48E2-A820-DA31BFD95339}.Debug|x86.ActiveCfg = Debug|Any CPU
		{ABFCBBC1-3A6E-48E2-A820-DA31BFD95339}.Release|Any CPU.ActiveCfg = Release|Any CPU
		{ABFCBBC1-3A6E-48E2-A820-DA31BFD95339}.Release|Any CPU.Build.0 = Release|Any CPU
		{ABFCBBC1-3A6E-48E2-A820-DA31BFD95339}.Release|Mixed Platforms.ActiveCfg = Release|Any CPU
		{ABFCBBC1-3A6E-48E2-A820-DA31BFD95339}.Release|Mixed Platforms.Build.0 = Release|Any CPU
		{ABFCBBC1-3A6E-48E2-A820-DA31BFD95339}.Release|x86.ActiveCfg = Release|Any CPU
		{F001B9B1-6E79-47BC-AABA-114DA9CD77A6}.Debug|Any CPU.ActiveCfg = Debug|Any CPU
		{F001B9B1-6E79-47BC-AABA-114DA9CD77A6}.Debug|Any CPU.Build.0 = Debug|Any CPU
		{F001B9B1-6E79-47BC-AABA-114DA9CD77A6}.Debug|Mixed Platforms.ActiveCfg = Debug|Any CPU
		{F001B9B1-6E79-47BC-AABA-114DA9CD77A6}.Debug|Mixed Platforms.Build.0 = Debug|Any CPU
		{F001B9B1-6E79-47BC-AABA-114DA9CD77A6}.Debug|x86.ActiveCfg = Debug|Any CPU
		{F001B9B1-6E79-47BC-AABA-114DA9CD77A6}.Release|Any CPU.ActiveCfg = Release|Any CPU
		{F001B9B1-6E79-47BC-AABA-114DA9CD77A6}.Release|Any CPU.Build.0 = Release|Any CPU
		{F001B9B1-6E79-47BC-AABA-114DA9CD77A6}.Release|Mixed Platforms.ActiveCfg = Release|Any CPU
		{F001B9B1-6E79-47BC-AABA-114DA9CD77A6}.Release|Mixed Platforms.Build.0 = Release|Any CPU
		{F001B9B1-6E79-47BC-AABA-114DA9CD77A6}.Release|x86.ActiveCfg = Release|Any CPU
		{7A48EA68-C78E-49D8-BF46-2F5A3415018A}.Debug|Any CPU.ActiveCfg = Debug|Any CPU
		{7A48EA68-C78E-49D8-BF46-2F5A3415018A}.Debug|Any CPU.Build.0 = Debug|Any CPU
		{7A48EA68-C78E-49D8-BF46-2F5A3415018A}.Debug|Mixed Platforms.ActiveCfg = Debug|Any CPU
		{7A48EA68-C78E-49D8-BF46-2F5A3415018A}.Debug|Mixed Platforms.Build.0 = Debug|Any CPU
		{7A48EA68-C78E-49D8-BF46-2F5A3415018A}.Debug|x86.ActiveCfg = Debug|Any CPU
		{7A48EA68-C78E-49D8-BF46-2F5A3415018A}.Release|Any CPU.ActiveCfg = Release|Any CPU
		{7A48EA68-C78E-49D8-BF46-2F5A3415018A}.Release|Any CPU.Build.0 = Release|Any CPU
		{7A48EA68-C78E-49D8-BF46-2F5A3415018A}.Release|Mixed Platforms.ActiveCfg = Release|Any CPU
		{7A48EA68-C78E-49D8-BF46-2F5A3415018A}.Release|Mixed Platforms.Build.0 = Release|Any CPU
		{7A48EA68-C78E-49D8-BF46-2F5A3415018A}.Release|x86.ActiveCfg = Release|Any CPU
		{B167C39D-53D5-4FDA-9557-C59918F89C87}.Debug|Any CPU.ActiveCfg = Debug|Any CPU
		{B167C39D-53D5-4FDA-9557-C59918F89C87}.Debug|Any CPU.Build.0 = Debug|Any CPU
		{B167C39D-53D5-4FDA-9557-C59918F89C87}.Debug|Mixed Platforms.ActiveCfg = Debug|Any CPU
		{B167C39D-53D5-4FDA-9557-C59918F89C87}.Debug|Mixed Platforms.Build.0 = Debug|Any CPU
		{B167C39D-53D5-4FDA-9557-C59918F89C87}.Debug|x86.ActiveCfg = Debug|Any CPU
		{B167C39D-53D5-4FDA-9557-C59918F89C87}.Release|Any CPU.ActiveCfg = Release|Any CPU
		{B167C39D-53D5-4FDA-9557-C59918F89C87}.Release|Any CPU.Build.0 = Release|Any CPU
		{B167C39D-53D5-4FDA-9557-C59918F89C87}.Release|Mixed Platforms.ActiveCfg = Release|Any CPU
		{B167C39D-53D5-4FDA-9557-C59918F89C87}.Release|Mixed Platforms.Build.0 = Release|Any CPU
		{B167C39D-53D5-4FDA-9557-C59918F89C87}.Release|x86.ActiveCfg = Release|Any CPU
		{4CC21A80-03BE-4B2F-AA95-504D3FADB4E4}.Debug|Any CPU.ActiveCfg = Debug|Any CPU
		{4CC21A80-03BE-4B2F-AA95-504D3FADB4E4}.Debug|Any CPU.Build.0 = Debug|Any CPU
		{4CC21A80-03BE-4B2F-AA95-504D3FADB4E4}.Debug|Mixed Platforms.ActiveCfg = Debug|Any CPU
		{4CC21A80-03BE-4B2F-AA95-504D3FADB4E4}.Debug|Mixed Platforms.Build.0 = Debug|Any CPU
		{4CC21A80-03BE-4B2F-AA95-504D3FADB4E4}.Debug|x86.ActiveCfg = Debug|Any CPU
		{4CC21A80-03BE-4B2F-AA95-504D3FADB4E4}.Release|Any CPU.ActiveCfg = Release|Any CPU
		{4CC21A80-03BE-4B2F-AA95-504D3FADB4E4}.Release|Any CPU.Build.0 = Release|Any CPU
		{4CC21A80-03BE-4B2F-AA95-504D3FADB4E4}.Release|Mixed Platforms.ActiveCfg = Release|Any CPU
		{4CC21A80-03BE-4B2F-AA95-504D3FADB4E4}.Release|Mixed Platforms.Build.0 = Release|Any CPU
		{4CC21A80-03BE-4B2F-AA95-504D3FADB4E4}.Release|x86.ActiveCfg = Release|Any CPU
		{82128378-1A61-40B8-BDE2-C73697617FC6}.Debug|Any CPU.ActiveCfg = Debug|Any CPU
		{82128378-1A61-40B8-BDE2-C73697617FC6}.Debug|Any CPU.Build.0 = Debug|Any CPU
		{82128378-1A61-40B8-BDE2-C73697617FC6}.Debug|Mixed Platforms.ActiveCfg = Debug|Any CPU
		{82128378-1A61-40B8-BDE2-C73697617FC6}.Debug|Mixed Platforms.Build.0 = Debug|Any CPU
		{82128378-1A61-40B8-BDE2-C73697617FC6}.Debug|x86.ActiveCfg = Debug|Any CPU
		{82128378-1A61-40B8-BDE2-C73697617FC6}.Release|Any CPU.ActiveCfg = Release|Any CPU
		{82128378-1A61-40B8-BDE2-C73697617FC6}.Release|Any CPU.Build.0 = Release|Any CPU
		{82128378-1A61-40B8-BDE2-C73697617FC6}.Release|Mixed Platforms.ActiveCfg = Release|Any CPU
		{82128378-1A61-40B8-BDE2-C73697617FC6}.Release|Mixed Platforms.Build.0 = Release|Any CPU
		{82128378-1A61-40B8-BDE2-C73697617FC6}.Release|x86.ActiveCfg = Release|Any CPU
		{D2BECB4C-01A2-4CB7-AEDC-C43267AFA655}.Debug|Any CPU.ActiveCfg = Debug|Any CPU
		{D2BECB4C-01A2-4CB7-AEDC-C43267AFA655}.Debug|Any CPU.Build.0 = Debug|Any CPU
		{D2BECB4C-01A2-4CB7-AEDC-C43267AFA655}.Debug|Mixed Platforms.ActiveCfg = Debug|Any CPU
		{D2BECB4C-01A2-4CB7-AEDC-C43267AFA655}.Debug|Mixed Platforms.Build.0 = Debug|Any CPU
		{D2BECB4C-01A2-4CB7-AEDC-C43267AFA655}.Debug|x86.ActiveCfg = Debug|Any CPU
		{D2BECB4C-01A2-4CB7-AEDC-C43267AFA655}.Release|Any CPU.ActiveCfg = Release|Any CPU
		{D2BECB4C-01A2-4CB7-AEDC-C43267AFA655}.Release|Any CPU.Build.0 = Release|Any CPU
		{D2BECB4C-01A2-4CB7-AEDC-C43267AFA655}.Release|Mixed Platforms.ActiveCfg = Release|Any CPU
		{D2BECB4C-01A2-4CB7-AEDC-C43267AFA655}.Release|Mixed Platforms.Build.0 = Release|Any CPU
		{D2BECB4C-01A2-4CB7-AEDC-C43267AFA655}.Release|x86.ActiveCfg = Release|Any CPU
		{4B08BD25-2B1A-400F-8DDE-D93D00931552}.Debug|Any CPU.ActiveCfg = Debug|Any CPU
		{4B08BD25-2B1A-400F-8DDE-D93D00931552}.Debug|Any CPU.Build.0 = Debug|Any CPU
		{4B08BD25-2B1A-400F-8DDE-D93D00931552}.Debug|Mixed Platforms.ActiveCfg = Debug|Any CPU
		{4B08BD25-2B1A-400F-8DDE-D93D00931552}.Debug|Mixed Platforms.Build.0 = Debug|Any CPU
		{4B08BD25-2B1A-400F-8DDE-D93D00931552}.Debug|x86.ActiveCfg = Debug|Any CPU
		{4B08BD25-2B1A-400F-8DDE-D93D00931552}.Release|Any CPU.ActiveCfg = Release|Any CPU
		{4B08BD25-2B1A-400F-8DDE-D93D00931552}.Release|Any CPU.Build.0 = Release|Any CPU
		{4B08BD25-2B1A-400F-8DDE-D93D00931552}.Release|Mixed Platforms.ActiveCfg = Release|Any CPU
		{4B08BD25-2B1A-400F-8DDE-D93D00931552}.Release|Mixed Platforms.Build.0 = Release|Any CPU
		{4B08BD25-2B1A-400F-8DDE-D93D00931552}.Release|x86.ActiveCfg = Release|Any CPU
		{3FFABDA5-2C45-4E49-A526-3FC16264FB4E}.Debug|Any CPU.ActiveCfg = Debug|Any CPU
		{3FFABDA5-2C45-4E49-A526-3FC16264FB4E}.Debug|Any CPU.Build.0 = Debug|Any CPU
		{3FFABDA5-2C45-4E49-A526-3FC16264FB4E}.Debug|Mixed Platforms.ActiveCfg = Debug|Any CPU
		{3FFABDA5-2C45-4E49-A526-3FC16264FB4E}.Debug|Mixed Platforms.Build.0 = Debug|Any CPU
		{3FFABDA5-2C45-4E49-A526-3FC16264FB4E}.Debug|x86.ActiveCfg = Debug|Any CPU
		{3FFABDA5-2C45-4E49-A526-3FC16264FB4E}.Release|Any CPU.ActiveCfg = Release|Any CPU
		{3FFABDA5-2C45-4E49-A526-3FC16264FB4E}.Release|Any CPU.Build.0 = Release|Any CPU
		{3FFABDA5-2C45-4E49-A526-3FC16264FB4E}.Release|Mixed Platforms.ActiveCfg = Release|Any CPU
		{3FFABDA5-2C45-4E49-A526-3FC16264FB4E}.Release|Mixed Platforms.Build.0 = Release|Any CPU
		{3FFABDA5-2C45-4E49-A526-3FC16264FB4E}.Release|x86.ActiveCfg = Release|Any CPU
		{EF5AF59C-B874-4052-A129-8E69CA0A94AB}.Debug|Any CPU.ActiveCfg = Debug|Any CPU
		{EF5AF59C-B874-4052-A129-8E69CA0A94AB}.Debug|Any CPU.Build.0 = Debug|Any CPU
		{EF5AF59C-B874-4052-A129-8E69CA0A94AB}.Debug|Mixed Platforms.ActiveCfg = Debug|Any CPU
		{EF5AF59C-B874-4052-A129-8E69CA0A94AB}.Debug|Mixed Platforms.Build.0 = Debug|Any CPU
		{EF5AF59C-B874-4052-A129-8E69CA0A94AB}.Debug|x86.ActiveCfg = Debug|Any CPU
		{EF5AF59C-B874-4052-A129-8E69CA0A94AB}.Release|Any CPU.ActiveCfg = Release|Any CPU
		{EF5AF59C-B874-4052-A129-8E69CA0A94AB}.Release|Any CPU.Build.0 = Release|Any CPU
		{EF5AF59C-B874-4052-A129-8E69CA0A94AB}.Release|Mixed Platforms.ActiveCfg = Release|Any CPU
		{EF5AF59C-B874-4052-A129-8E69CA0A94AB}.Release|Mixed Platforms.Build.0 = Release|Any CPU
		{EF5AF59C-B874-4052-A129-8E69CA0A94AB}.Release|x86.ActiveCfg = Release|Any CPU
		{BA152E45-636F-4AA5-8C62-AC98EE79E232}.Debug|Any CPU.ActiveCfg = Debug|Any CPU
		{BA152E45-636F-4AA5-8C62-AC98EE79E232}.Debug|Any CPU.Build.0 = Debug|Any CPU
		{BA152E45-636F-4AA5-8C62-AC98EE79E232}.Debug|Mixed Platforms.ActiveCfg = Debug|Any CPU
		{BA152E45-636F-4AA5-8C62-AC98EE79E232}.Debug|Mixed Platforms.Build.0 = Debug|Any CPU
		{BA152E45-636F-4AA5-8C62-AC98EE79E232}.Debug|x86.ActiveCfg = Debug|Any CPU
		{BA152E45-636F-4AA5-8C62-AC98EE79E232}.Release|Any CPU.ActiveCfg = Release|Any CPU
		{BA152E45-636F-4AA5-8C62-AC98EE79E232}.Release|Any CPU.Build.0 = Release|Any CPU
		{BA152E45-636F-4AA5-8C62-AC98EE79E232}.Release|Mixed Platforms.ActiveCfg = Release|Any CPU
		{BA152E45-636F-4AA5-8C62-AC98EE79E232}.Release|Mixed Platforms.Build.0 = Release|Any CPU
		{BA152E45-636F-4AA5-8C62-AC98EE79E232}.Release|x86.ActiveCfg = Release|Any CPU
		{DB88C720-3B7C-499D-A5D8-49BD4F3293DE}.Debug|Any CPU.ActiveCfg = Debug|Any CPU
		{DB88C720-3B7C-499D-A5D8-49BD4F3293DE}.Debug|Any CPU.Build.0 = Debug|Any CPU
		{DB88C720-3B7C-499D-A5D8-49BD4F3293DE}.Debug|Mixed Platforms.ActiveCfg = Debug|Any CPU
		{DB88C720-3B7C-499D-A5D8-49BD4F3293DE}.Debug|Mixed Platforms.Build.0 = Debug|Any CPU
		{DB88C720-3B7C-499D-A5D8-49BD4F3293DE}.Debug|x86.ActiveCfg = Debug|Any CPU
		{DB88C720-3B7C-499D-A5D8-49BD4F3293DE}.Release|Any CPU.ActiveCfg = Release|Any CPU
		{DB88C720-3B7C-499D-A5D8-49BD4F3293DE}.Release|Any CPU.Build.0 = Release|Any CPU
		{DB88C720-3B7C-499D-A5D8-49BD4F3293DE}.Release|Mixed Platforms.ActiveCfg = Release|Any CPU
		{DB88C720-3B7C-499D-A5D8-49BD4F3293DE}.Release|Mixed Platforms.Build.0 = Release|Any CPU
		{DB88C720-3B7C-499D-A5D8-49BD4F3293DE}.Release|x86.ActiveCfg = Release|Any CPU
		{115CD19E-F8BC-4966-B84C-20B2D0530175}.Debug|Any CPU.ActiveCfg = Debug|Any CPU
		{115CD19E-F8BC-4966-B84C-20B2D0530175}.Debug|Any CPU.Build.0 = Debug|Any CPU
		{115CD19E-F8BC-4966-B84C-20B2D0530175}.Debug|Mixed Platforms.ActiveCfg = Debug|Any CPU
		{115CD19E-F8BC-4966-B84C-20B2D0530175}.Debug|Mixed Platforms.Build.0 = Debug|Any CPU
		{115CD19E-F8BC-4966-B84C-20B2D0530175}.Debug|x86.ActiveCfg = Debug|Any CPU
		{115CD19E-F8BC-4966-B84C-20B2D0530175}.Release|Any CPU.ActiveCfg = Release|Any CPU
		{115CD19E-F8BC-4966-B84C-20B2D0530175}.Release|Any CPU.Build.0 = Release|Any CPU
		{115CD19E-F8BC-4966-B84C-20B2D0530175}.Release|Mixed Platforms.ActiveCfg = Release|Any CPU
		{115CD19E-F8BC-4966-B84C-20B2D0530175}.Release|Mixed Platforms.Build.0 = Release|Any CPU
		{115CD19E-F8BC-4966-B84C-20B2D0530175}.Release|x86.ActiveCfg = Release|Any CPU
		{208A215D-30CF-4104-B385-E80592292273}.Debug|Any CPU.ActiveCfg = Debug|Any CPU
		{208A215D-30CF-4104-B385-E80592292273}.Debug|Any CPU.Build.0 = Debug|Any CPU
		{208A215D-30CF-4104-B385-E80592292273}.Debug|Mixed Platforms.ActiveCfg = Debug|Any CPU
		{208A215D-30CF-4104-B385-E80592292273}.Debug|Mixed Platforms.Build.0 = Debug|Any CPU
		{208A215D-30CF-4104-B385-E80592292273}.Debug|x86.ActiveCfg = Debug|Any CPU
		{208A215D-30CF-4104-B385-E80592292273}.Release|Any CPU.ActiveCfg = Release|Any CPU
		{208A215D-30CF-4104-B385-E80592292273}.Release|Any CPU.Build.0 = Release|Any CPU
		{208A215D-30CF-4104-B385-E80592292273}.Release|Mixed Platforms.ActiveCfg = Release|Any CPU
		{208A215D-30CF-4104-B385-E80592292273}.Release|Mixed Platforms.Build.0 = Release|Any CPU
		{208A215D-30CF-4104-B385-E80592292273}.Release|x86.ActiveCfg = Release|Any CPU
		{B0B89056-C859-49AF-898E-E1515754C2B4}.Debug|Any CPU.ActiveCfg = Debug|Any CPU
		{B0B89056-C859-49AF-898E-E1515754C2B4}.Debug|Any CPU.Build.0 = Debug|Any CPU
		{B0B89056-C859-49AF-898E-E1515754C2B4}.Debug|Mixed Platforms.ActiveCfg = Debug|Any CPU
		{B0B89056-C859-49AF-898E-E1515754C2B4}.Debug|Mixed Platforms.Build.0 = Debug|Any CPU
		{B0B89056-C859-49AF-898E-E1515754C2B4}.Debug|x86.ActiveCfg = Debug|Any CPU
		{B0B89056-C859-49AF-898E-E1515754C2B4}.Release|Any CPU.ActiveCfg = Release|Any CPU
		{B0B89056-C859-49AF-898E-E1515754C2B4}.Release|Any CPU.Build.0 = Release|Any CPU
		{B0B89056-C859-49AF-898E-E1515754C2B4}.Release|Mixed Platforms.ActiveCfg = Release|Any CPU
		{B0B89056-C859-49AF-898E-E1515754C2B4}.Release|Mixed Platforms.Build.0 = Release|Any CPU
		{B0B89056-C859-49AF-898E-E1515754C2B4}.Release|x86.ActiveCfg = Release|Any CPU
		{B6F449B9-B459-4669-8CB6-92E1F88C955C}.Debug|Any CPU.ActiveCfg = Debug|Any CPU
		{B6F449B9-B459-4669-8CB6-92E1F88C955C}.Debug|Any CPU.Build.0 = Debug|Any CPU
		{B6F449B9-B459-4669-8CB6-92E1F88C955C}.Debug|Mixed Platforms.ActiveCfg = Debug|Any CPU
		{B6F449B9-B459-4669-8CB6-92E1F88C955C}.Debug|Mixed Platforms.Build.0 = Debug|Any CPU
		{B6F449B9-B459-4669-8CB6-92E1F88C955C}.Debug|x86.ActiveCfg = Debug|Any CPU
		{B6F449B9-B459-4669-8CB6-92E1F88C955C}.Release|Any CPU.ActiveCfg = Release|Any CPU
		{B6F449B9-B459-4669-8CB6-92E1F88C955C}.Release|Any CPU.Build.0 = Release|Any CPU
		{B6F449B9-B459-4669-8CB6-92E1F88C955C}.Release|Mixed Platforms.ActiveCfg = Release|Any CPU
		{B6F449B9-B459-4669-8CB6-92E1F88C955C}.Release|Mixed Platforms.Build.0 = Release|Any CPU
		{B6F449B9-B459-4669-8CB6-92E1F88C955C}.Release|x86.ActiveCfg = Release|Any CPU
		{914C3FE4-E4C7-45D3-B72D-009ACB5F164E}.Debug|Any CPU.ActiveCfg = Debug|Any CPU
		{914C3FE4-E4C7-45D3-B72D-009ACB5F164E}.Debug|Any CPU.Build.0 = Debug|Any CPU
		{914C3FE4-E4C7-45D3-B72D-009ACB5F164E}.Debug|Mixed Platforms.ActiveCfg = Debug|Any CPU
		{914C3FE4-E4C7-45D3-B72D-009ACB5F164E}.Debug|Mixed Platforms.Build.0 = Debug|Any CPU
		{914C3FE4-E4C7-45D3-B72D-009ACB5F164E}.Debug|x86.ActiveCfg = Debug|Any CPU
		{914C3FE4-E4C7-45D3-B72D-009ACB5F164E}.Release|Any CPU.ActiveCfg = Release|Any CPU
		{914C3FE4-E4C7-45D3-B72D-009ACB5F164E}.Release|Any CPU.Build.0 = Release|Any CPU
		{914C3FE4-E4C7-45D3-B72D-009ACB5F164E}.Release|Mixed Platforms.ActiveCfg = Release|Any CPU
		{914C3FE4-E4C7-45D3-B72D-009ACB5F164E}.Release|Mixed Platforms.Build.0 = Release|Any CPU
		{914C3FE4-E4C7-45D3-B72D-009ACB5F164E}.Release|x86.ActiveCfg = Release|Any CPU
		{324839FF-30EB-48D5-9DCF-2690A77DF277}.Debug|Any CPU.ActiveCfg = Debug|Any CPU
		{324839FF-30EB-48D5-9DCF-2690A77DF277}.Debug|Any CPU.Build.0 = Debug|Any CPU
		{324839FF-30EB-48D5-9DCF-2690A77DF277}.Debug|Mixed Platforms.ActiveCfg = Debug|Any CPU
		{324839FF-30EB-48D5-9DCF-2690A77DF277}.Debug|Mixed Platforms.Build.0 = Debug|Any CPU
		{324839FF-30EB-48D5-9DCF-2690A77DF277}.Debug|x86.ActiveCfg = Debug|Any CPU
		{324839FF-30EB-48D5-9DCF-2690A77DF277}.Release|Any CPU.ActiveCfg = Release|Any CPU
		{324839FF-30EB-48D5-9DCF-2690A77DF277}.Release|Any CPU.Build.0 = Release|Any CPU
		{324839FF-30EB-48D5-9DCF-2690A77DF277}.Release|Mixed Platforms.ActiveCfg = Release|Any CPU
		{324839FF-30EB-48D5-9DCF-2690A77DF277}.Release|Mixed Platforms.Build.0 = Release|Any CPU
		{324839FF-30EB-48D5-9DCF-2690A77DF277}.Release|x86.ActiveCfg = Release|Any CPU
		{53AA069E-CA34-4174-80B4-4681A0C3DA87}.Debug|Any CPU.ActiveCfg = Debug|x86
		{53AA069E-CA34-4174-80B4-4681A0C3DA87}.Debug|Mixed Platforms.ActiveCfg = Debug|x86
		{53AA069E-CA34-4174-80B4-4681A0C3DA87}.Debug|Mixed Platforms.Build.0 = Debug|x86
		{53AA069E-CA34-4174-80B4-4681A0C3DA87}.Debug|x86.ActiveCfg = Debug|x86
		{53AA069E-CA34-4174-80B4-4681A0C3DA87}.Debug|x86.Build.0 = Debug|x86
		{53AA069E-CA34-4174-80B4-4681A0C3DA87}.Release|Any CPU.ActiveCfg = Release|x86
		{53AA069E-CA34-4174-80B4-4681A0C3DA87}.Release|Mixed Platforms.ActiveCfg = Release|x86
		{53AA069E-CA34-4174-80B4-4681A0C3DA87}.Release|Mixed Platforms.Build.0 = Release|x86
		{53AA069E-CA34-4174-80B4-4681A0C3DA87}.Release|x86.ActiveCfg = Release|x86
		{53AA069E-CA34-4174-80B4-4681A0C3DA87}.Release|x86.Build.0 = Release|x86
		{709E5D05-F753-4E0F-AE03-5C5BE15B2CE5}.Debug|Any CPU.ActiveCfg = Debug|Any CPU
		{709E5D05-F753-4E0F-AE03-5C5BE15B2CE5}.Debug|Any CPU.Build.0 = Debug|Any CPU
		{709E5D05-F753-4E0F-AE03-5C5BE15B2CE5}.Debug|Mixed Platforms.ActiveCfg = Debug|Any CPU
		{709E5D05-F753-4E0F-AE03-5C5BE15B2CE5}.Debug|Mixed Platforms.Build.0 = Debug|Any CPU
		{709E5D05-F753-4E0F-AE03-5C5BE15B2CE5}.Debug|x86.ActiveCfg = Debug|Any CPU
		{709E5D05-F753-4E0F-AE03-5C5BE15B2CE5}.Debug|x86.Build.0 = Debug|Any CPU
		{709E5D05-F753-4E0F-AE03-5C5BE15B2CE5}.Release|Any CPU.ActiveCfg = Release|Any CPU
		{709E5D05-F753-4E0F-AE03-5C5BE15B2CE5}.Release|Any CPU.Build.0 = Release|Any CPU
		{709E5D05-F753-4E0F-AE03-5C5BE15B2CE5}.Release|Mixed Platforms.ActiveCfg = Release|Any CPU
		{709E5D05-F753-4E0F-AE03-5C5BE15B2CE5}.Release|Mixed Platforms.Build.0 = Release|Any CPU
		{709E5D05-F753-4E0F-AE03-5C5BE15B2CE5}.Release|x86.ActiveCfg = Release|Any CPU
		{709E5D05-F753-4E0F-AE03-5C5BE15B2CE5}.Release|x86.Build.0 = Release|Any CPU
	EndGlobalSection
	GlobalSection(SolutionProperties) = preSolution
		HideSolutionNode = FALSE
	EndGlobalSection
	GlobalSection(NestedProjects) = preSolution
		{6560F2BB-95C6-496B-931E-AF12C3813F3F} = {155F38E9-C7E7-4C99-94AF-E959C366D314}
		{52C91A4B-8905-4365-90EB-60FC40029BB8} = {155F38E9-C7E7-4C99-94AF-E959C366D314}
		{491BDE61-D91D-4DF9-A107-F7416996E2A8} = {155F38E9-C7E7-4C99-94AF-E959C366D314}
		{BB9E5039-E863-4598-85FE-5511EC1A7088} = {7FC210AF-BD3E-41CA-B12E-5F11C4676280}
		{6503B05D-C4CF-4F01-A4EC-BF6E2162DCCF} = {155F38E9-C7E7-4C99-94AF-E959C366D314}
		{E6A13891-D0BE-47BB-B2E0-629B96724BF5} = {73929ED3-931C-472A-A0E6-5FD7B4C65283}
		{F5A9BE06-FF39-4136-9E17-97CEB8C51275} = {73929ED3-931C-472A-A0E6-5FD7B4C65283}
		{59FAAD83-8387-4157-8600-83386A972421} = {F5A9BE06-FF39-4136-9E17-97CEB8C51275}
		{FE29BE75-83C8-48F3-8BE9-168D57D50BF1} = {F5A9BE06-FF39-4136-9E17-97CEB8C51275}
		{6DF45720-EFD3-4D32-BA13-591D170F4044} = {73929ED3-931C-472A-A0E6-5FD7B4C65283}
		{98870164-929B-4E7B-A2DA-756BE53177C7} = {6DF45720-EFD3-4D32-BA13-591D170F4044}
		{C6A18595-1E6B-48F6-8A1B-0BE25AC22E5E} = {6DF45720-EFD3-4D32-BA13-591D170F4044}
		{7C43D0D9-EDCD-479E-9655-53EDAE09BC88} = {6DF45720-EFD3-4D32-BA13-591D170F4044}
		{E963EF33-0732-46C6-AF50-965BEE6F7497} = {C6A18595-1E6B-48F6-8A1B-0BE25AC22E5E}
		{A75D4E7D-B0B2-46D7-BE20-44AF76EFD1E3} = {C6A18595-1E6B-48F6-8A1B-0BE25AC22E5E}
		{2835148E-B1E5-4C9B-A371-FAADFDAB24B9} = {C6A18595-1E6B-48F6-8A1B-0BE25AC22E5E}
		{ABFCBBC1-3A6E-48E2-A820-DA31BFD95339} = {98870164-929B-4E7B-A2DA-756BE53177C7}
		{F001B9B1-6E79-47BC-AABA-114DA9CD77A6} = {98870164-929B-4E7B-A2DA-756BE53177C7}
		{7A48EA68-C78E-49D8-BF46-2F5A3415018A} = {6DF45720-EFD3-4D32-BA13-591D170F4044}
		{B167C39D-53D5-4FDA-9557-C59918F89C87} = {98870164-929B-4E7B-A2DA-756BE53177C7}
		{4CC21A80-03BE-4B2F-AA95-504D3FADB4E4} = {7C43D0D9-EDCD-479E-9655-53EDAE09BC88}
		{82128378-1A61-40B8-BDE2-C73697617FC6} = {7C43D0D9-EDCD-479E-9655-53EDAE09BC88}
		{D2BECB4C-01A2-4CB7-AEDC-C43267AFA655} = {6DF45720-EFD3-4D32-BA13-591D170F4044}
		{4B08BD25-2B1A-400F-8DDE-D93D00931552} = {7C43D0D9-EDCD-479E-9655-53EDAE09BC88}
		{51523085-CA81-4069-B63A-CCD442E7CDC6} = {F5A9BE06-FF39-4136-9E17-97CEB8C51275}
		{6E5DC371-FA8E-4805-BF0F-CA01DF31D6A0} = {F5A9BE06-FF39-4136-9E17-97CEB8C51275}
		{B745FE04-1793-4583-96D6-464AF8871600} = {F5A9BE06-FF39-4136-9E17-97CEB8C51275}
		{3FFABDA5-2C45-4E49-A526-3FC16264FB4E} = {51523085-CA81-4069-B63A-CCD442E7CDC6}
		{EF5AF59C-B874-4052-A129-8E69CA0A94AB} = {51523085-CA81-4069-B63A-CCD442E7CDC6}
		{BA152E45-636F-4AA5-8C62-AC98EE79E232} = {B745FE04-1793-4583-96D6-464AF8871600}
		{DB88C720-3B7C-499D-A5D8-49BD4F3293DE} = {6E5DC371-FA8E-4805-BF0F-CA01DF31D6A0}
		{115CD19E-F8BC-4966-B84C-20B2D0530175} = {6E5DC371-FA8E-4805-BF0F-CA01DF31D6A0}
		{208A215D-30CF-4104-B385-E80592292273} = {51523085-CA81-4069-B63A-CCD442E7CDC6}
		{B0B89056-C859-49AF-898E-E1515754C2B4} = {F5A9BE06-FF39-4136-9E17-97CEB8C51275}
		{43ED2D0F-F272-4A7B-95C6-902205781DD6} = {73929ED3-931C-472A-A0E6-5FD7B4C65283}
		{276E5039-F4C8-450A-9835-3352664E6F68} = {43ED2D0F-F272-4A7B-95C6-902205781DD6}
		{F1C58615-7C10-4D15-9E7F-99AE9712F6AD} = {43ED2D0F-F272-4A7B-95C6-902205781DD6}
		{3A3DF58F-DE3E-4753-8302-6C15AAC9A7E5} = {43ED2D0F-F272-4A7B-95C6-902205781DD6}
		{B6F449B9-B459-4669-8CB6-92E1F88C955C} = {276E5039-F4C8-450A-9835-3352664E6F68}
		{914C3FE4-E4C7-45D3-B72D-009ACB5F164E} = {43ED2D0F-F272-4A7B-95C6-902205781DD6}
		{324839FF-30EB-48D5-9DCF-2690A77DF277} = {F1C58615-7C10-4D15-9E7F-99AE9712F6AD}
		{53AA069E-CA34-4174-80B4-4681A0C3DA87} = {3A3DF58F-DE3E-4753-8302-6C15AAC9A7E5}
		{709E5D05-F753-4E0F-AE03-5C5BE15B2CE5} = {7FC210AF-BD3E-41CA-B12E-5F11C4676280}
	EndGlobalSection
EndGlobal
